{
  "requires": true,
  "lockfileVersion": 1,
  "dependencies": {
    "calendar-utils": {
      "version": "0.0.57",
      "resolved": "https://registry.npmjs.org/calendar-utils/-/calendar-utils-0.0.57.tgz",
      "integrity": "sha512-d3DMPFafv5JfJIvjnWuo+mgUYLkM9imIpSIsNmq6jj+AVIXwIzC5lwpNpUsNPP9mnUdpUNwDiJGLPlNGE6y1Mg=="
    },
    "jquery": {
      "version": "3.2.1",
      "resolved": "https://registry.npmjs.org/jquery/-/jquery-3.2.1.tgz",
      "integrity": "sha1-XE2d5lKvbNCncBVKYxu6ErAVx4c="
    }
  }
}
